
Microsoft Visual Studio Solution File, Format Version 12.00
# Visual Studio Version 17
VisualStudioVersion = 17.6.33829.357
MinimumVisualStudioVersion = 10.0.40219.1
Project("{9A19103F-16F7-4668-BE54-9A1E7A4F7556}") = "MaxEliteBox", "MaxEliteBox\MaxEliteBox.csproj", "{BF60F3AB-781C-4EA4-AC70-62A30939EC8C}"
EndProject
Global
	GlobalSection(SolutionConfigurationPlatforms) = preSolution
		Debug|Any CPU = Debug|Any CPU
		Release|Any CPU = Release|Any CPU
	EndGlobalSection
	GlobalSection(ProjectConfigurationPlatforms) = postSolution
		{BF60F3AB-781C-4EA4-AC70-62A30939EC8C}.Debug|Any CPU.ActiveCfg = Debug|Any CPU
		{BF60F3AB-781C-4EA4-AC70-62A30939EC8C}.Debug|Any CPU.Build.0 = Debug|Any CPU
		{BF60F3AB-781C-4EA4-AC70-62A30939EC8C}.Release|Any CPU.ActiveCfg = Release|Any CPU
		{BF60F3AB-781C-4EA4-AC70-62A30939EC8C}.Release|Any CPU.Build.0 = Release|Any CPU
	EndGlobalSection
	GlobalSection(SolutionProperties) = preSolution
		HideSolutionNode = FALSE
	EndGlobalSection
	GlobalSection(ExtensibilityGlobals) = postSolution
		SolutionGuid = {E51F4967-C187-43E1-8CD0-CA40D58A6BAA}
	EndGlobalSection
EndGlobal
